{
  "requires": true,
  "lockfileVersion": 1,
  "dependencies": {
    "randomize": {
      "version": "0.0.4",
      "resolved": "https://registry.npmjs.org/randomize/-/randomize-0.0.4.tgz",
      "integrity": "sha1-Ws3aqS6dS0CdTWW7QD0UW1R+EuM=",
      "requires": {
        "underscore": "~1.4.4"
      }
    },
    "underscore": {
      "version": "1.4.4",
      "resolved": "https://registry.npmjs.org/underscore/-/underscore-1.4.4.tgz",
      "integrity": "sha1-YaajIBBiKvoHljvzJSA88SI51gQ="
    }
  }
}
